
Microsoft Visual Studio Solution File, Format Version 12.00
# Visual Studio Version 17
VisualStudioVersion = 17.7.34024.191
MinimumVisualStudioVersion = 10.0.40219.1
Project("{FAE04EC0-301F-11D3-BF4B-00C04F79EFBC}") = "RetiroDeMateriales", "RetiroDeMateriales.csproj", "{67AB32A8-E595-4A0F-9631-C70210838A2C}"
EndProject
Global
	GlobalSection(SolutionConfigurationPlatforms) = preSolution
		Debug|Any CPU = Debug|Any CPU
		Release|Any CPU = Release|Any CPU
	EndGlobalSection
	GlobalSection(ProjectConfigurationPlatforms) = postSolution
		{67AB32A8-E595-4A0F-9631-C70210838A2C}.Debug|Any CPU.ActiveCfg = Debug|Any CPU
		{67AB32A8-E595-4A0F-9631-C70210838A2C}.Debug|Any CPU.Build.0 = Debug|Any CPU
		{67AB32A8-E595-4A0F-9631-C70210838A2C}.Release|Any CPU.ActiveCfg = Release|Any CPU
		{67AB32A8-E595-4A0F-9631-C70210838A2C}.Release|Any CPU.Build.0 = Release|Any CPU
	EndGlobalSection
	GlobalSection(SolutionProperties) = preSolution
		HideSolutionNode = FALSE
	EndGlobalSection
	GlobalSection(ExtensibilityGlobals) = postSolution
		SolutionGuid = {BAFF949D-9B45-4AF2-BB44-116B1E4AB25E}
	EndGlobalSection
EndGlobal
